# This file is generated by running "yarn install" inside your project.
# Manual changes might be lost - proceed with caution!

__metadata:
  version: 5
  cacheKey: 8

"@insertish/exponential-backoff@npm:3.1.0-patch.0":
  version: 3.1.0-patch.0
  resolution: "@insertish/exponential-backoff@npm:3.1.0-patch.0"
  checksum: 3fca4d1990ba7d8488e7e121928d89df166dadacf93c4f2dfb61e7145d903dcfc2679377289d4d5739176c5d0b76e043a18fa6191d5345d61286d0bc73b331e3
  languageName: node
  linkType: hard

"@insertish/isomorphic-ws@npm:^4.0.1":
  version: 4.0.1
  resolution: "@insertish/isomorphic-ws@npm:4.0.1"
  peerDependencies:
    ws: "*"
  checksum: 64e6464b379784d0c8df31868eb8301b3e3827f91131755c38f66a007fcd791314c6ef49f3ead37bb5d62cc7fd52f2171b2e0ce04564a744905f72d3cd86f1ba
  languageName: node
  linkType: hard

"@types/node@npm:*":
  version: 17.0.8
  resolution: "@types/node@npm:17.0.8"
  checksum: f4cadeb9e602027520abc88c77142697e33cf6ac98bb02f8b595a398603cbd33df1f94d01c055c9f13cde0c8eaafc5e396ca72645458d42b4318b845bc7f1d0f
  languageName: node
  linkType: hard

"@types/node@npm:^16.11.25":
  version: 16.11.25
  resolution: "@types/node@npm:16.11.25"
  checksum: 0b6e25a81364be89256ad1a36341e27b387e646d3186e270108a8bb7b6ecdfdf5ae037aa1c75a5117b8a7509c80093b75431cd5cfcfbc4d553b52e7db2ca272e
  languageName: node
  linkType: hard

"@types/ws@npm:^8.2.2":
  version: 8.2.2
  resolution: "@types/ws@npm:8.2.2"
  dependencies:
    "@types/node": "*"
  checksum: 308957864b9a5a0378ac82f1b084fa31b1bbe85106fb0d84ed2b392e4829404f21ab6ab2c1eb782d556e59cd33d57c75ad2d0cedc4b9b9d0ca3b2311bc915578
  languageName: node
  linkType: hard

"ansi-regex@npm:^5.0.1":
  version: 5.0.1
  resolution: "ansi-regex@npm:5.0.1"
  checksum: 2aa4bb54caf2d622f1afdad09441695af2a83aa3fe8b8afa581d205e57ed4261c183c4d3877cee25794443fde5876417d859c108078ab788d6af7e4fe52eb66b
  languageName: node
  linkType: hard

"axios@npm:^0.21.4":
  version: 0.21.4
  resolution: "axios@npm:0.21.4"
  dependencies:
    follow-redirects: ^1.14.0
  checksum: 44245f24ac971e7458f3120c92f9d66d1fc695e8b97019139de5b0cc65d9b8104647db01e5f46917728edfc0cfd88eb30fc4c55e6053eef4ace76768ce95ff3c
  languageName: node
  linkType: hard

"cross-spawn@npm:^7.0.3":
  version: 7.0.3
  resolution: "cross-spawn@npm:7.0.3"
  dependencies:
    path-key: ^3.1.0
    shebang-command: ^2.0.0
    which: ^2.0.1
  checksum: 671cc7c7288c3a8406f3c69a3ae2fc85555c04169e9d611def9a675635472614f1c0ed0ef80955d5b6d4e724f6ced67f0ad1bb006c2ea643488fcfef994d7f52
  languageName: node
  linkType: hard

"data-uri-to-buffer@npm:^4.0.0":
  version: 4.0.0
  resolution: "data-uri-to-buffer@npm:4.0.0"
  checksum: a010653869abe8bb51259432894ac62c52bf79ad761d418d94396f48c346f2ae739c46b254e8bb5987bded8a653d467db1968db3a69bab1d33aa5567baa5cfc7
  languageName: node
  linkType: hard

"dotenv@npm:^16.0.0":
  version: 16.0.0
  resolution: "dotenv@npm:16.0.0"
  checksum: 664cebb51f0a9a1d1b930f51f0271e72e26d62feaecc9dc03df39453dd494b4e724809ca480fb3ec3213382b1ed3f791aaeb83569a137f9329ce58efd4853dbf
  languageName: node
  linkType: hard

"duplexer@npm:~0.1.1":
  version: 0.1.2
  resolution: "duplexer@npm:0.1.2"
  checksum: 62ba61a830c56801db28ff6305c7d289b6dc9f859054e8c982abd8ee0b0a14d2e9a8e7d086ffee12e868d43e2bbe8a964be55ddbd8c8957714c87373c7a4f9b0
  languageName: node
  linkType: hard

"event-stream@npm:=3.3.4":
  version: 3.3.4
  resolution: "event-stream@npm:3.3.4"
  dependencies:
    duplexer: ~0.1.1
    from: ~0
    map-stream: ~0.1.0
    pause-stream: 0.0.11
    split: 0.3
    stream-combiner: ~0.0.4
    through: ~2.3.1
  checksum: 80b467820b6daf824d9fb4345d2daf115a056e5c104463f2e98534e92d196a27f2df5ea2aa085624db26f4c45698905499e881d13bc7c01f7a13eac85be72a22
  languageName: node
  linkType: hard

"eventemitter3@npm:^4.0.7":
  version: 4.0.7
  resolution: "eventemitter3@npm:4.0.7"
  checksum: 1875311c42fcfe9c707b2712c32664a245629b42bb0a5a84439762dd0fd637fc54d078155ea83c2af9e0323c9ac13687e03cfba79b03af9f40c89b4960099374
  languageName: node
  linkType: hard

"fetch-blob@npm:^3.1.2":
  version: 3.1.3
  resolution: "fetch-blob@npm:3.1.3"
  dependencies:
    web-streams-polyfill: ^3.0.3
  checksum: 7be20e9c9a936601c280ef3cfed1968dbcfb35e31564b9bdc807b48de73587cd358b7c3965a3f03483f5268dc373ae8526608947750f22eb214e20c94efab9c1
  languageName: node
  linkType: hard

"fetch-blob@npm:^3.1.4":
  version: 3.1.4
  resolution: "fetch-blob@npm:3.1.4"
  dependencies:
    node-domexception: ^1.0.0
    web-streams-polyfill: ^3.0.3
  checksum: 81b074f38a2dbfd546dd58e482cefe14e605abd609e272804bf089d588d84f39e3e95b35640bfb376f71d5038c123d4d41be49d9cdf87e5ec8939d37738df0b6
  languageName: node
  linkType: hard

"follow-redirects@npm:^1.14.8":
  version: 1.14.8
  resolution: "follow-redirects@npm:1.14.8"
  peerDependenciesMeta:
    debug:
      optional: true
  checksum: 40c67899c2e3149a27e8b6498a338ff27f39fe138fde8d7f0756cb44b073ba0bfec3d52af28f20c5bdd67263d564d0d8d7b5efefd431de95c18c42f7b4aef457
  languageName: node
  linkType: hard

"formdata-polyfill@npm:^4.0.10":
  version: 4.0.10
  resolution: "formdata-polyfill@npm:4.0.10"
  dependencies:
    fetch-blob: ^3.1.2
  checksum: 82a34df292afadd82b43d4a740ce387bc08541e0a534358425193017bf9fb3567875dc5f69564984b1da979979b70703aa73dee715a17b6c229752ae736dd9db
  languageName: node
  linkType: hard

"from@npm:~0":
  version: 0.1.7
  resolution: "from@npm:0.1.7"
  checksum: b85125b7890489656eb2e4f208f7654a93ec26e3aefaf3bbbcc0d496fc1941e4405834fcc9fe7333192aa2187905510ace70417bbf9ac6f6f4784a731d986939
  languageName: node
  linkType: hard

"isexe@npm:^2.0.0":
  version: 2.0.0
  resolution: "isexe@npm:2.0.0"
  checksum: 26bf6c5480dda5161c820c5b5c751ae1e766c587b1f951ea3fcfc973bafb7831ae5b54a31a69bd670220e42e99ec154475025a468eae58ea262f813fdc8d1c62
  languageName: node
  linkType: hard

"lodash.defaultsdeep@npm:^4.6.1":
  version: 4.6.1
  resolution: "lodash.defaultsdeep@npm:4.6.1"
  checksum: 1f346f16158b760545ca99553cb13e907a28b281425751af6bfe681387b9e5685438a7ddbfd36a8d5cc8bda066867a134aa31416f17e318db8c461c377810a76
  languageName: node
  linkType: hard

"lodash.flatten@npm:^4.4.0":
  version: 4.4.0
  resolution: "lodash.flatten@npm:4.4.0"
  checksum: 0ac34a393d4b795d4b7421153d27c13ae67e08786c9cbb60ff5b732210d46f833598eee3fb3844bb10070e8488efe390ea53bb567377e0cb47e9e630bf0811cb
  languageName: node
  linkType: hard

"lodash.isequal@npm:^4.5.0":
  version: 4.5.0
  resolution: "lodash.isequal@npm:4.5.0"
  checksum: da27515dc5230eb1140ba65ff8de3613649620e8656b19a6270afe4866b7bd461d9ba2ac8a48dcc57f7adac4ee80e1de9f965d89d4d81a0ad52bb3eec2609644
  languageName: node
  linkType: hard

"map-stream@npm:~0.1.0":
  version: 0.1.0
  resolution: "map-stream@npm:0.1.0"
  checksum: 38abbe4eb883888031e6b2fc0630bc583c99396be16b8ace5794b937b682a8a081f03e8b15bfd4914d1bc88318f0e9ac73ba3512ae65955cd449f63256ddb31d
  languageName: node
  linkType: hard

"mobx@npm:^6.3.2":
  version: 6.3.12
  resolution: "mobx@npm:6.3.12"
  checksum: 1f1e414ffa1ed1efa92ff91e470d08e2a602d07dcf316ea12dc48d1077adb291643148badee4a052170260e3b0161842ddeae3cf3fdedd13599fee72cdf85c38
  languageName: node
  linkType: hard

"node-cleanup@npm:^2.1.2":
  version: 2.1.2
  resolution: "node-cleanup@npm:2.1.2"
  checksum: 584cdc3e42560a998b4579f91ed8f936b27011628f3102e5a1093205f0691cdf8d899287d1f2e4d2071ea4ab1d615810bad6dbe2b988ef173a1cbaa76d8165b3
  languageName: node
  linkType: hard

"node-domexception@npm:^1.0.0":
  version: 1.0.0
  resolution: "node-domexception@npm:1.0.0"
  checksum: ee1d37dd2a4eb26a8a92cd6b64dfc29caec72bff5e1ed9aba80c294f57a31ba4895a60fd48347cf17dd6e766da0ae87d75657dfd1f384ebfa60462c2283f5c7f
  languageName: node
  linkType: hard

"node-fetch@npm:^3.2.0":
  version: 3.2.0
  resolution: "node-fetch@npm:3.2.0"
  dependencies:
    data-uri-to-buffer: ^4.0.0
    fetch-blob: ^3.1.4
    formdata-polyfill: ^4.0.10
  checksum: 1c809a0f64dd11cc18b49f990440e22c471da47da2a6d6b3388a83beba9d23ba7eaca1b9bf706a792bd283b824cf1a76777910859b9c28ad33a59f2ae4e44f8e
  languageName: node
  linkType: hard

"path-key@npm:^3.1.0":
  version: 3.1.1
  resolution: "path-key@npm:3.1.1"
  checksum: 55cd7a9dd4b343412a8386a743f9c746ef196e57c823d90ca3ab917f90ab9f13dd0ded27252ba49dbdfcab2b091d998bc446f6220cd3cea65db407502a740020
  languageName: node
  linkType: hard

"pause-stream@npm:0.0.11":
  version: 0.0.11
  resolution: "pause-stream@npm:0.0.11"
  dependencies:
    through: ~2.3
  checksum: 3c4a14052a638b92e0c96eb00c0d7977df7f79ea28395250c525d197f1fc02d34ce1165d5362e2e6ebbb251524b94a76f3f0d4abc39ab8b016d97449fe15583c
  languageName: node
  linkType: hard

"ps-tree@npm:^1.2.0":
  version: 1.2.0
  resolution: "ps-tree@npm:1.2.0"
  dependencies:
    event-stream: =3.3.4
  bin:
    ps-tree: ./bin/ps-tree.js
  checksum: e635dd00f53d30d31696cf5f95b3a8dbdf9b1aeb36d4391578ce8e8cd22949b7c5536c73b0dc18c78615ea3ddd4be96101166be59ca2e3e3cb1e2f79ba3c7f98
  languageName: node
  linkType: hard

"revolt-api@npm:0.5.3-alpha.12":
  version: 0.5.3-alpha.12
  resolution: "revolt-api@npm:0.5.3-alpha.12"
  checksum: ec7e1d2ac6551e15d40e9e7eff3481d6d9cb5123fc785ac156dc61013e1d74435450c4f28c08e2330a5fc6f107178176168bb443698e9037efaf533b6883fed1
  languageName: node
  linkType: hard

"revolt-api@npm:^0.5.3-alpha.12":
  version: 0.5.3-alpha.8-patch.0
  resolution: "revolt-api@npm:0.5.3-alpha.8-patch.0"
  checksum: ae76b81ffbd73a081ea8f9bb5e0718e43cc80d1078b3586385063b8528ec7c20e0ad604af361f9a544900296fdc6aa3fc2ae73f4d49d419d4d3cbdad55b0c367
  languageName: node
  linkType: hard

"revolt.js@npm:^5.2.8":
  version: 5.2.8
  resolution: "revolt.js@npm:5.2.8"
  dependencies:
    "@insertish/exponential-backoff": 3.1.0-patch.0
    "@insertish/isomorphic-ws": ^4.0.1
    axios: ^0.21.4
    eventemitter3: ^4.0.7
    lodash.defaultsdeep: ^4.6.1
    lodash.flatten: ^4.4.0
    lodash.isequal: ^4.5.0
    mobx: ^6.3.2
    revolt-api: 0.5.3-alpha.12
    ulid: ^2.3.0
    ws: ^8.2.2
  checksum: 1b66fe14f80e4e7b706dc65057d552e210ba834c98c92bff6de652eedc33b89423ae50987ee09ee99d8789e9aa215ed689a2cdd7597f3c4d06f4dfb79e59e67a
  languageName: node
  linkType: hard

"rexbot@workspace:.":
  version: 0.0.0-use.local
  resolution: "rexbot@workspace:."
  dependencies:
    "@types/node": ^16.11.25
    "@types/ws": ^8.2.2
    dotenv: ^16.0.0
    node-fetch: ^3.2.0
    revolt-api: ^0.5.3-alpha.12
    revolt.js: ^5.2.8
    tsc-watch: ^4.6.0
    typescript: ^4.5.5
    ulid: ^2.3.0
  languageName: unknown
  linkType: soft

"shebang-command@npm:^2.0.0":
  version: 2.0.0
  resolution: "shebang-command@npm:2.0.0"
  dependencies:
    shebang-regex: ^3.0.0
  checksum: 6b52fe87271c12968f6a054e60f6bde5f0f3d2db483a1e5c3e12d657c488a15474121a1d55cd958f6df026a54374ec38a4a963988c213b7570e1d51575cea7fa
  languageName: node
  linkType: hard

"shebang-regex@npm:^3.0.0":
  version: 3.0.0
  resolution: "shebang-regex@npm:3.0.0"
  checksum: 1a2bcae50de99034fcd92ad4212d8e01eedf52c7ec7830eedcf886622804fe36884278f2be8be0ea5fde3fd1c23911643a4e0f726c8685b61871c8908af01222
  languageName: node
  linkType: hard

"split@npm:0.3":
  version: 0.3.3
  resolution: "split@npm:0.3.3"
  dependencies:
    through: 2
  checksum: 2e076634c9637cfdc54ab4387b6a243b8c33b360874a25adf6f327a5647f07cb3bf1c755d515248eb3afee4e382278d01f62c62d87263c118f28065b86f74f02
  languageName: node
  linkType: hard

"stream-combiner@npm:~0.0.4":
  version: 0.0.4
  resolution: "stream-combiner@npm:0.0.4"
  dependencies:
    duplexer: ~0.1.1
  checksum: 844b622cfe8b9de45a6007404f613b60aaf85200ab9862299066204242f89a7c8033b1c356c998aa6cfc630f6cd9eba119ec1c6dc1f93e245982be4a847aee7d
  languageName: node
  linkType: hard

"string-argv@npm:^0.1.1":
  version: 0.1.2
  resolution: "string-argv@npm:0.1.2"
  checksum: 6877bd72af145f6e6eafa932818014a57b2f39225c924562b7fccb50f1fcee73717bbcd5e528fd4d86cec32835c14749c32a9d35f06e0bf96637d1e73158203f
  languageName: node
  linkType: hard

"strip-ansi@npm:^6.0.0":
  version: 6.0.1
  resolution: "strip-ansi@npm:6.0.1"
  dependencies:
    ansi-regex: ^5.0.1
  checksum: f3cd25890aef3ba6e1a74e20896c21a46f482e93df4a06567cebf2b57edabb15133f1f94e57434e0a958d61186087b1008e89c94875d019910a213181a14fc8c
  languageName: node
  linkType: hard

"through@npm:2, through@npm:~2.3, through@npm:~2.3.1":
  version: 2.3.8
  resolution: "through@npm:2.3.8"
  checksum: a38c3e059853c494af95d50c072b83f8b676a9ba2818dcc5b108ef252230735c54e0185437618596c790bbba8fcdaef5b290405981ffa09dce67b1f1bf190cbd
  languageName: node
  linkType: hard

"tsc-watch@npm:^4.6.0":
  version: 4.6.0
  resolution: "tsc-watch@npm:4.6.0"
  dependencies:
    cross-spawn: ^7.0.3
    node-cleanup: ^2.1.2
    ps-tree: ^1.2.0
    string-argv: ^0.1.1
    strip-ansi: ^6.0.0
  peerDependencies:
    typescript: "*"
  bin:
    tsc-watch: index.js
  checksum: db0066a76246dfa74f95365ab2bd5c563fdce33bc346d3289ba25a2932956f6f464a47295f81391a3ce9e28ad512f7dd326eedfcad0f62d03e321096cb55541b
  languageName: node
  linkType: hard

"typescript@npm:^4.5.5":
  version: 4.5.5
  resolution: "typescript@npm:4.5.5"
  bin:
    tsc: bin/tsc
    tsserver: bin/tsserver
  checksum: 506f4c919dc8aeaafa92068c997f1d213b9df4d9756d0fae1a1e7ab66b585ab3498050e236113a1c9e57ee08c21ec6814ca7a7f61378c058d79af50a4b1f5a5e
  languageName: node
  linkType: hard

"typescript@patch:typescript@^4.5.5#~builtin<compat/typescript>":
  version: 4.5.5
  resolution: "typescript@patch:typescript@npm%3A4.5.5#~builtin<compat/typescript>::version=4.5.5&hash=493e53"
  bin:
    tsc: bin/tsc
    tsserver: bin/tsserver
  checksum: c05c318d79c690f101d7ffb34cd6c7d6bbd884d3af9cefe7749ad0cd6be43c7082f098280982ca945dcba23fde34a08fed9602bb26540936baf8c0520727d3ba
  languageName: node
  linkType: hard

"ulid@npm:^2.3.0":
  version: 2.3.0
  resolution: "ulid@npm:2.3.0"
  bin:
    ulid: ./bin/cli.js
  checksum: d6dbf253fdc189f60fe2829d934ee5447b3dab62d05449a2e0fe89670d77087dd6eba4f844a69f9ffdb01384ec6fd97bdd9be638fc67d593569a45e8969f1e69
  languageName: node
  linkType: hard

"web-streams-polyfill@npm:^3.0.3":
  version: 3.2.0
  resolution: "web-streams-polyfill@npm:3.2.0"
  checksum: e23ad0649392fa0159dbfc6bb27474c308c3f332d9078cfef3c06c154165bef18732c5814126147c6c712f604216ddc950c171c854e3821f020e0d2d721a5958
  languageName: node
  linkType: hard

"which@npm:^2.0.1":
  version: 2.0.2
  resolution: "which@npm:2.0.2"
  dependencies:
    isexe: ^2.0.0
  bin:
    node-which: ./bin/node-which
  checksum: 1a5c563d3c1b52d5f893c8b61afe11abc3bab4afac492e8da5bde69d550de701cf9806235f20a47b5c8fa8a1d6a9135841de2596535e998027a54589000e66d1
  languageName: node
  linkType: hard

"ws@npm:^8.2.2":
  version: 8.4.2
  resolution: "ws@npm:8.4.2"
  peerDependencies:
    bufferutil: ^4.0.1
    utf-8-validate: ^5.0.2
  peerDependenciesMeta:
    bufferutil:
      optional: true
    utf-8-validate:
      optional: true
  checksum: 4369caaac8d1092a73871f5cf1d87fcbb995dc4183a1bc48e4f451bc2d02d0a8bf7c17edf1da18e2be3c773b09262275356b256d1c55bc7ca096154293ba2a8c
  languageName: node
  linkType: hard
